
Microsoft Visual Studio Solution File, Format Version 12.00
# Visual Studio Version 16
VisualStudioVersion = 16.0.30907.101
MinimumVisualStudioVersion = 10.0.40219.1
Project("{FAE04EC0-301F-11D3-BF4B-00C04F79EFBC}") = "zykly_metanit", "zykly_metanit\zykly_metanit.csproj", "{4CE90FE3-D945-4121-96FE-CFBDE9F2D6ED}"
EndProject
Global
	GlobalSection(SolutionConfigurationPlatforms) = preSolution
		Debug|Any CPU = Debug|Any CPU
		Release|Any CPU = Release|Any CPU
	EndGlobalSection
	GlobalSection(ProjectConfigurationPlatforms) = postSolution
		{4CE90FE3-D945-4121-96FE-CFBDE9F2D6ED}.Debug|Any CPU.ActiveCfg = Debug|Any CPU
		{4CE90FE3-D945-4121-96FE-CFBDE9F2D6ED}.Debug|Any CPU.Build.0 = Debug|Any CPU
		{4CE90FE3-D945-4121-96FE-CFBDE9F2D6ED}.Release|Any CPU.ActiveCfg = Release|Any CPU
		{4CE90FE3-D945-4121-96FE-CFBDE9F2D6ED}.Release|Any CPU.Build.0 = Release|Any CPU
	EndGlobalSection
	GlobalSection(SolutionProperties) = preSolution
		HideSolutionNode = FALSE
	EndGlobalSection
	GlobalSection(ExtensibilityGlobals) = postSolution
		SolutionGuid = {8A389C60-9252-469C-B31D-6C1D94530B42}
	EndGlobalSection
EndGlobal
