
Microsoft Visual Studio Solution File, Format Version 12.00
# Visual Studio Version 16
VisualStudioVersion = 16.0.30907.101
MinimumVisualStudioVersion = 10.0.40219.1
Project("{9A19103F-16F7-4668-BE54-9A1E7A4F7556}") = "цикли_златопольський", "цикли_златопольський\цикли_златопольський.csproj", "{DB33F129-5236-47C3-8475-599FB13E9EAF}"
EndProject
Project("{2150E333-8FDC-42A3-9474-1A3956D46DE8}") = "Solution Items", "Solution Items", "{D10EBC26-B38F-4079-8EB3-DAAD5F76F4AE}"
	ProjectSection(SolutionItems) = preProject
		.editorconfig = .editorconfig
	EndProjectSection
EndProject
Global
	GlobalSection(SolutionConfigurationPlatforms) = preSolution
		Debug|Any CPU = Debug|Any CPU
		Release|Any CPU = Release|Any CPU
	EndGlobalSection
	GlobalSection(ProjectConfigurationPlatforms) = postSolution
		{DB33F129-5236-47C3-8475-599FB13E9EAF}.Debug|Any CPU.ActiveCfg = Debug|Any CPU
		{DB33F129-5236-47C3-8475-599FB13E9EAF}.Debug|Any CPU.Build.0 = Debug|Any CPU
		{DB33F129-5236-47C3-8475-599FB13E9EAF}.Release|Any CPU.ActiveCfg = Release|Any CPU
		{DB33F129-5236-47C3-8475-599FB13E9EAF}.Release|Any CPU.Build.0 = Release|Any CPU
	EndGlobalSection
	GlobalSection(SolutionProperties) = preSolution
		HideSolutionNode = FALSE
	EndGlobalSection
	GlobalSection(ExtensibilityGlobals) = postSolution
		SolutionGuid = {A4986974-8835-4B1B-AA93-CA81BB0EF765}
	EndGlobalSection
EndGlobal
